
Microsoft Visual Studio Solution File, Format Version 12.00
# Visual Studio Version 17
VisualStudioVersion = 17.9.34607.119
MinimumVisualStudioVersion = 10.0.40219.1
Project("{FAE04EC0-301F-11D3-BF4B-00C04F79EFBC}") = "Teste2", "Teste2\Teste2.csproj", "{46CEC03E-FFFF-4653-B017-3F5D2243A3EA}"
EndProject
Global
	GlobalSection(SolutionConfigurationPlatforms) = preSolution
		Debug|Any CPU = Debug|Any CPU
		Release|Any CPU = Release|Any CPU
	EndGlobalSection
	GlobalSection(ProjectConfigurationPlatforms) = postSolution
		{46CEC03E-FFFF-4653-B017-3F5D2243A3EA}.Debug|Any CPU.ActiveCfg = Debug|Any CPU
		{46CEC03E-FFFF-4653-B017-3F5D2243A3EA}.Debug|Any CPU.Build.0 = Debug|Any CPU
		{46CEC03E-FFFF-4653-B017-3F5D2243A3EA}.Release|Any CPU.ActiveCfg = Release|Any CPU
		{46CEC03E-FFFF-4653-B017-3F5D2243A3EA}.Release|Any CPU.Build.0 = Release|Any CPU
	EndGlobalSection
	GlobalSection(SolutionProperties) = preSolution
		HideSolutionNode = FALSE
	EndGlobalSection
	GlobalSection(ExtensibilityGlobals) = postSolution
		SolutionGuid = {56073DB4-FD94-4E12-9218-0BBB58D5341A}
	EndGlobalSection
EndGlobal
